
Microsoft Visual Studio Solution File, Format Version 12.00
# Visual Studio 15
VisualStudioVersion = 15.0.28307.1433
MinimumVisualStudioVersion = 10.0.40219.1
Project("{911E67C6-3D85-4FCE-B560-20A9C3E3FF48}") = "SFML_RPG", "SFML_RPG.exe", "{6A07D940-0507-4985-823C-2BFF5774D180}"
	ProjectSection(DebuggerProjectSystem) = preProject
		PortSupplier = 00000000-0000-0000-0000-000000000000
		Executable = E:\GRA SFML\SFML_RPG\Debug\SFML_RPG.exe
		RemoteMachine = DESKTOP-AUKK3N2
		StartingDirectory = E:\GRA SFML\SFML_RPG\Debug
		Environment = Domyślne
		LaunchingEngine = 00000000-0000-0000-0000-000000000000
		UseLegacyDebugEngines = No
		LaunchSQLEngine = No
		AttachLaunchAction = No
	EndProjectSection
EndProject
Global
	GlobalSection(SolutionConfigurationPlatforms) = preSolution
		Release|x86 = Release|x86
	EndGlobalSection
	GlobalSection(ProjectConfigurationPlatforms) = postSolution
		{6A07D940-0507-4985-823C-2BFF5774D180}.Release|x86.ActiveCfg = Release|x86
	EndGlobalSection
	GlobalSection(SolutionProperties) = preSolution
		HideSolutionNode = FALSE
	EndGlobalSection
	GlobalSection(ExtensibilityGlobals) = postSolution
		SolutionGuid = {A134071B-6DE3-4E0F-8EC9-51C49D00A221}
	EndGlobalSection
EndGlobal
